// !$*UTF8*$!
{
	archiveVersion = 1;
	classes = {
	};
	objectVersion = 50;
	objects = {

/* Begin PBXBuildFile section */
		85C0C7D322C7C37600379A39 /* AppDelegate.swift in Sources */ = {isa = PBXBuildFile; fileRef = 85C0C7D222C7C37600379A39 /* AppDelegate.swift */; };
		85C0C7DA22C7C37600379A39 /* Main.storyboard in Resources */ = {isa = PBXBuildFile; fileRef = 85C0C7D822C7C37600379A39 /* Main.storyboard */; };
		85C0C7DC22C7C37700379A39 /* Assets.xcassets in Resources */ = {isa = PBXBuildFile; fileRef = 85C0C7DB22C7C37700379A39 /* Assets.xcassets */; };
		85C0C7DF22C7C37700379A39 /* LaunchScreen.storyboard in Resources */ = {isa = PBXBuildFile; fileRef = 85C0C7DD22C7C37700379A39 /* LaunchScreen.storyboard */; };
		85C0C7EA22C7C37700379A39 /* tabControllerTests.swift in Sources */ = {isa = PBXBuildFile; fileRef = 85C0C7E922C7C37700379A39 /* tabControllerTests.swift */; };
		85C0C7F522C7C37700379A39 /* tabControllerUITests.swift in Sources */ = {isa = PBXBuildFile; fileRef = 85C0C7F422C7C37700379A39 /* tabControllerUITests.swift */; };
		85C0C80922C7C79700379A39 /* MainViewController.swift in Sources */ = {isa = PBXBuildFile; fileRef = 85C0C80822C7C79700379A39 /* MainViewController.swift */; };
		85CA25D522CA59EA00E548A8 /* FirstTableViewController.swift in Sources */ = {isa = PBXBuildFile; fileRef = 85CA25D422CA59EA00E548A8 /* FirstTableViewController.swift */; };
		85CA25D722CA59FC00E548A8 /* SecondTableViewController.swift in Sources */ = {isa = PBXBuildFile; fileRef = 85CA25D622CA59FC00E548A8 /* SecondTableViewController.swift */; };
		85CA25D922CA5A1500E548A8 /* ThirdTableViewController.swift in Sources */ = {isa = PBXBuildFile; fileRef = 85CA25D822CA5A1500E548A8 /* ThirdTableViewController.swift */; };
		85CA25DB22CA5A3000E548A8 /* FourthTableViewController.swift in Sources */ = {isa = PBXBuildFile; fileRef = 85CA25DA22CA5A3000E548A8 /* FourthTableViewController.swift */; };
		85CA25DD22CA5A4300E548A8 /* FifthTableViewController.swift in Sources */ = {isa = PBXBuildFile; fileRef = 85CA25DC22CA5A4300E548A8 /* FifthTableViewController.swift */; };
		85CA25DF22CA5A5C00E548A8 /* SixthTableViewController.swift in Sources */ = {isa = PBXBuildFile; fileRef = 85CA25DE22CA5A5C00E548A8 /* SixthTableViewController.swift */; };
		85CA25E122CA5A7100E548A8 /* SeventhTableViewController.swift in Sources */ = {isa = PBXBuildFile; fileRef = 85CA25E022CA5A7100E548A8 /* SeventhTableViewController.swift */; };
		85CA25E322CA5A8700E548A8 /* EighthTableViewController.swift in Sources */ = {isa = PBXBuildFile; fileRef = 85CA25E222CA5A8700E548A8 /* EighthTableViewController.swift */; };
		85CA25E522CA5A9E00E548A8 /* NinethTableViewController.swift in Sources */ = {isa = PBXBuildFile; fileRef = 85CA25E422CA5A9E00E548A8 /* NinethTableViewController.swift */; };
/* End PBXBuildFile section */

/* Begin PBXContainerItemProxy section */
		85C0C7E622C7C37700379A39 /* PBXContainerItemProxy */ = {
			isa = PBXContainerItemProxy;
			containerPortal = 85C0C7C722C7C37600379A39 /* Project object */;
			proxyType = 1;
			remoteGlobalIDString = 85C0C7CE22C7C37600379A39;
			remoteInfo = tabController;
		};
		85C0C7F122C7C37700379A39 /* PBXContainerItemProxy */ = {
			isa = PBXContainerItemProxy;
			containerPortal = 85C0C7C722C7C37600379A39 /* Project object */;
			proxyType = 1;
			remoteGlobalIDString = 85C0C7CE22C7C37600379A39;
			remoteInfo = tabController;
		};
/* End PBXContainerItemProxy section */

/* Begin PBXFileReference section */
		85C0C7CF22C7C37600379A39 /* tabController.app */ = {isa = PBXFileReference; explicitFileType = wrapper.application; includeInIndex = 0; path = tabController.app; sourceTree = BUILT_PRODUCTS_DIR; };
		85C0C7D222C7C37600379A39 /* AppDelegate.swift */ = {isa = PBXFileReference; lastKnownFileType = sourcecode.swift; path = AppDelegate.swift; sourceTree = "<group>"; };
		85C0C7D922C7C37600379A39 /* Base */ = {isa = PBXFileReference; lastKnownFileType = file.storyboard; name = Base; path = Base.lproj/Main.storyboard; sourceTree = "<group>"; };
		85C0C7DB22C7C37700379A39 /* Assets.xcassets */ = {isa = PBXFileReference; lastKnownFileType = folder.assetcatalog; path = Assets.xcassets; sourceTree = "<group>"; };
		85C0C7DE22C7C37700379A39 /* Base */ = {isa = PBXFileReference; lastKnownFileType = file.storyboard; name = Base; path = Base.lproj/LaunchScreen.storyboard; sourceTree = "<group>"; };
		85C0C7E022C7C37700379A39 /* Info.plist */ = {isa = PBXFileReference; lastKnownFileType = text.plist.xml; path = Info.plist; sourceTree = "<group>"; };
		85C0C7E522C7C37700379A39 /* tabControllerTests.xctest */ = {isa = PBXFileReference; explicitFileType = wrapper.cfbundle; includeInIndex = 0; path = tabControllerTests.xctest; sourceTree = BUILT_PRODUCTS_DIR; };
		85C0C7E922C7C37700379A39 /* tabControllerTests.swift */ = {isa = PBXFileReference; lastKnownFileType = sourcecode.swift; path = tabControllerTests.swift; sourceTree = "<group>"; };
		85C0C7EB22C7C37700379A39 /* Info.plist */ = {isa = PBXFileReference; lastKnownFileType = text.plist.xml; path = Info.plist; sourceTree = "<group>"; };
		85C0C7F022C7C37700379A39 /* tabControllerUITests.xctest */ = {isa = PBXFileReference; explicitFileType = wrapper.cfbundle; includeInIndex = 0; path = tabControllerUITests.xctest; sourceTree = BUILT_PRODUCTS_DIR; };
		85C0C7F422C7C37700379A39 /* tabControllerUITests.swift */ = {isa = PBXFileReference; lastKnownFileType = sourcecode.swift; path = tabControllerUITests.swift; sourceTree = "<group>"; };
		85C0C7F622C7C37700379A39 /* Info.plist */ = {isa = PBXFileReference; lastKnownFileType = text.plist.xml; path = Info.plist; sourceTree = "<group>"; };
		85C0C80822C7C79700379A39 /* MainViewController.swift */ = {isa = PBXFileReference; lastKnownFileType = sourcecode.swift; path = MainViewController.swift; sourceTree = "<group>"; };
		85CA25D422CA59EA00E548A8 /* FirstTableViewController.swift */ = {isa = PBXFileReference; lastKnownFileType = sourcecode.swift; path = FirstTableViewController.swift; sourceTree = "<group>"; };
		85CA25D622CA59FC00E548A8 /* SecondTableViewController.swift */ = {isa = PBXFileReference; lastKnownFileType = sourcecode.swift; path = SecondTableViewController.swift; sourceTree = "<group>"; };
		85CA25D822CA5A1500E548A8 /* ThirdTableViewController.swift */ = {isa = PBXFileReference; lastKnownFileType = sourcecode.swift; path = ThirdTableViewController.swift; sourceTree = "<group>"; };
		85CA25DA22CA5A3000E548A8 /* FourthTableViewController.swift */ = {isa = PBXFileReference; lastKnownFileType = sourcecode.swift; path = FourthTableViewController.swift; sourceTree = "<group>"; };
		85CA25DC22CA5A4300E548A8 /* FifthTableViewController.swift */ = {isa = PBXFileReference; lastKnownFileType = sourcecode.swift; path = FifthTableViewController.swift; sourceTree = "<group>"; };
		85CA25DE22CA5A5C00E548A8 /* SixthTableViewController.swift */ = {isa = PBXFileReference; lastKnownFileType = sourcecode.swift; path = SixthTableViewController.swift; sourceTree = "<group>"; };
		85CA25E022CA5A7100E548A8 /* SeventhTableViewController.swift */ = {isa = PBXFileReference; lastKnownFileType = sourcecode.swift; path = SeventhTableViewController.swift; sourceTree = "<group>"; };
		85CA25E222CA5A8700E548A8 /* EighthTableViewController.swift */ = {isa = PBXFileReference; lastKnownFileType = sourcecode.swift; path = EighthTableViewController.swift; sourceTree = "<group>"; };
		85CA25E422CA5A9E00E548A8 /* NinethTableViewController.swift */ = {isa = PBXFileReference; lastKnownFileType = sourcecode.swift; path = NinethTableViewController.swift; sourceTree = "<group>"; };
/* End PBXFileReference section */

/* Begin PBXFrameworksBuildPhase section */
		85C0C7CC22C7C37600379A39 /* Frameworks */ = {
			isa = PBXFrameworksBuildPhase;
			buildActionMask = 2147483647;
			files = (
			);
			runOnlyForDeploymentPostprocessing = 0;
		};
		85C0C7E222C7C37700379A39 /* Frameworks */ = {
			isa = PBXFrameworksBuildPhase;
			buildActionMask = 2147483647;
			files = (
			);
			runOnlyForDeploymentPostprocessing = 0;
		};
		85C0C7ED22C7C37700379A39 /* Frameworks */ = {
			isa = PBXFrameworksBuildPhase;
			buildActionMask = 2147483647;
			files = (
			);
			runOnlyForDeploymentPostprocessing = 0;
		};
/* End PBXFrameworksBuildPhase section */

/* Begin PBXGroup section */
		85C0C7C622C7C37600379A39 = {
			isa = PBXGroup;
			children = (
				85C0C7D122C7C37600379A39 /* tabController */,
				85C0C7E822C7C37700379A39 /* tabControllerTests */,
				85C0C7F322C7C37700379A39 /* tabControllerUITests */,
				85C0C7D022C7C37600379A39 /* Products */,
			);
			sourceTree = "<group>";
		};
		85C0C7D022C7C37600379A39 /* Products */ = {
			isa = PBXGroup;
			children = (
				85C0C7CF22C7C37600379A39 /* tabController.app */,
				85C0C7E522C7C37700379A39 /* tabControllerTests.xctest */,
				85C0C7F022C7C37700379A39 /* tabControllerUITests.xctest */,
			);
			name = Products;
			sourceTree = "<group>";
		};
		85C0C7D122C7C37600379A39 /* tabController */ = {
			isa = PBXGroup;
			children = (
				85C0C7D222C7C37600379A39 /* AppDelegate.swift */,
				85C0C80822C7C79700379A39 /* MainViewController.swift */,
				85CA25D422CA59EA00E548A8 /* FirstTableViewController.swift */,
				85CA25D622CA59FC00E548A8 /* SecondTableViewController.swift */,
				85CA25D822CA5A1500E548A8 /* ThirdTableViewController.swift */,
				85CA25DA22CA5A3000E548A8 /* FourthTableViewController.swift */,
				85CA25DC22CA5A4300E548A8 /* FifthTableViewController.swift */,
				85CA25DE22CA5A5C00E548A8 /* SixthTableViewController.swift */,
				85CA25E022CA5A7100E548A8 /* SeventhTableViewController.swift */,
				85CA25E222CA5A8700E548A8 /* EighthTableViewController.swift */,
				85CA25E422CA5A9E00E548A8 /* NinethTableViewController.swift */,
				85C0C7D822C7C37600379A39 /* Main.storyboard */,
				85C0C7DB22C7C37700379A39 /* Assets.xcassets */,
				85C0C7DD22C7C37700379A39 /* LaunchScreen.storyboard */,
				85C0C7E022C7C37700379A39 /* Info.plist */,
			);
			path = tabController;
			sourceTree = "<group>";
		};
		85C0C7E822C7C37700379A39 /* tabControllerTests */ = {
			isa = PBXGroup;
			children = (
				85C0C7E922C7C37700379A39 /* tabControllerTests.swift */,
				85C0C7EB22C7C37700379A39 /* Info.plist */,
			);
			path = tabControllerTests;
			sourceTree = "<group>";
		};
		85C0C7F322C7C37700379A39 /* tabControllerUITests */ = {
			isa = PBXGroup;
			children = (
				85C0C7F422C7C37700379A39 /* tabControllerUITests.swift */,
				85C0C7F622C7C37700379A39 /* Info.plist */,
			);
			path = tabControllerUITests;
			sourceTree = "<group>";
		};
/* End PBXGroup section */

/* Begin PBXNativeTarget section */
		85C0C7CE22C7C37600379A39 /* tabController */ = {
			isa = PBXNativeTarget;
			buildConfigurationList = 85C0C7F922C7C37700379A39 /* Build configuration list for PBXNativeTarget "tabController" */;
			buildPhases = (
				85C0C7CB22C7C37600379A39 /* Sources */,
				85C0C7CC22C7C37600379A39 /* Frameworks */,
				85C0C7CD22C7C37600379A39 /* Resources */,
			);
			buildRules = (
			);
			dependencies = (
			);
			name = tabController;
			productName = tabController;
			productReference = 85C0C7CF22C7C37600379A39 /* tabController.app */;
			productType = "com.apple.product-type.application";
		};
		85C0C7E422C7C37700379A39 /* tabControllerTests */ = {
			isa = PBXNativeTarget;
			buildConfigurationList = 85C0C7FC22C7C37700379A39 /* Build configuration list for PBXNativeTarget "tabControllerTests" */;
			buildPhases = (
				85C0C7E122C7C37700379A39 /* Sources */,
				85C0C7E222C7C37700379A39 /* Frameworks */,
				85C0C7E322C7C37700379A39 /* Resources */,
			);
			buildRules = (
			);
			dependencies = (
				85C0C7E722C7C37700379A39 /* PBXTargetDependency */,
			);
			name = tabControllerTests;
			productName = tabControllerTests;
			productReference = 85C0C7E522C7C37700379A39 /* tabControllerTests.xctest */;
			productType = "com.apple.product-type.bundle.unit-test";
		};
		85C0C7EF22C7C37700379A39 /* tabControllerUITests */ = {
			isa = PBXNativeTarget;
			buildConfigurationList = 85C0C7FF22C7C37700379A39 /* Build configuration list for PBXNativeTarget "tabControllerUITests" */;
			buildPhases = (
				85C0C7EC22C7C37700379A39 /* Sources */,
				85C0C7ED22C7C37700379A39 /* Frameworks */,
				85C0C7EE22C7C37700379A39 /* Resources */,
			);
			buildRules = (
			);
			dependencies = (
				85C0C7F222C7C37700379A39 /* PBXTargetDependency */,
			);
			name = tabControllerUITests;
			productName = tabControllerUITests;
			productReference = 85C0C7F022C7C37700379A39 /* tabControllerUITests.xctest */;
			productType = "com.apple.product-type.bundle.ui-testing";
		};
/* End PBXNativeTarget section */

/* Begin PBXProject section */
		85C0C7C722C7C37600379A39 /* Project object */ = {
			isa = PBXProject;
			attributes = {
				LastSwiftUpdateCheck = 1020;
				LastUpgradeCheck = 1020;
				ORGANIZATIONNAME = "Sergei Kazakov";
				TargetAttributes = {
					85C0C7CE22C7C37600379A39 = {
						CreatedOnToolsVersion = 10.2.1;
					};
					85C0C7E422C7C37700379A39 = {
						CreatedOnToolsVersion = 10.2.1;
						TestTargetID = 85C0C7CE22C7C37600379A39;
					};
					85C0C7EF22C7C37700379A39 = {
						CreatedOnToolsVersion = 10.2.1;
						TestTargetID = 85C0C7CE22C7C37600379A39;
					};
				};
			};
			buildConfigurationList = 85C0C7CA22C7C37600379A39 /* Build configuration list for PBXProject "tabController" */;
			compatibilityVersion = "Xcode 9.3";
			developmentRegion = en;
			hasScannedForEncodings = 0;
			knownRegions = (
				en,
				Base,
			);
			mainGroup = 85C0C7C622C7C37600379A39;
			productRefGroup = 85C0C7D022C7C37600379A39 /* Products */;
			projectDirPath = "";
			projectRoot = "";
			targets = (
				85C0C7CE22C7C37600379A39 /* tabController */,
				85C0C7E422C7C37700379A39 /* tabControllerTests */,
				85C0C7EF22C7C37700379A39 /* tabControllerUITests */,
			);
		};
/* End PBXProject section */

/* Begin PBXResourcesBuildPhase section */
		85C0C7CD22C7C37600379A39 /* Resources */ = {
			isa = PBXResourcesBuildPhase;
			buildActionMask = 2147483647;
			files = (
				85C0C7DF22C7C37700379A39 /* LaunchScreen.storyboard in Resources */,
				85C0C7DC22C7C37700379A39 /* Assets.xcassets in Resources */,
				85C0C7DA22C7C37600379A39 /* Main.storyboard in Resources */,
			);
			runOnlyForDeploymentPostprocessing = 0;
		};
		85C0C7E322C7C37700379A39 /* Resources */ = {
			isa = PBXResourcesBuildPhase;
			buildActionMask = 2147483647;
			files = (
			);
			runOnlyForDeploymentPostprocessing = 0;
		};
		85C0C7EE22C7C37700379A39 /* Resources */ = {
			isa = PBXResourcesBuildPhase;
			buildActionMask = 2147483647;
			files = (
			);
			runOnlyForDeploymentPostprocessing = 0;
		};
/* End PBXResourcesBuildPhase section */

/* Begin PBXSourcesBuildPhase section */
		85C0C7CB22C7C37600379A39 /* Sources */ = {
			isa = PBXSourcesBuildPhase;
			buildActionMask = 2147483647;
			files = (
				85CA25DF22CA5A5C00E548A8 /* SixthTableViewController.swift in Sources */,
				85CA25E122CA5A7100E548A8 /* SeventhTableViewController.swift in Sources */,
				85C0C7D322C7C37600379A39 /* AppDelegate.swift in Sources */,
				85CA25DD22CA5A4300E548A8 /* FifthTableViewController.swift in Sources */,
				85CA25D722CA59FC00E548A8 /* SecondTableViewController.swift in Sources */,
				85C0C80922C7C79700379A39 /* MainViewController.swift in Sources */,
				85CA25DB22CA5A3000E548A8 /* FourthTableViewController.swift in Sources */,
				85CA25E522CA5A9E00E548A8 /* NinethTableViewController.swift in Sources */,
				85CA25D922CA5A1500E548A8 /* ThirdTableViewController.swift in Sources */,
				85CA25E322CA5A8700E548A8 /* EighthTableViewController.swift in Sources */,
				85CA25D522CA59EA00E548A8 /* FirstTableViewController.swift in Sources */,
			);
			runOnlyForDeploymentPostprocessing = 0;
		};
		85C0C7E122C7C37700379A39 /* Sources */ = {
			isa = PBXSourcesBuildPhase;
			buildActionMask = 2147483647;
			files = (
				85C0C7EA22C7C37700379A39 /* tabControllerTests.swift in Sources */,
			);
			runOnlyForDeploymentPostprocessing = 0;
		};
		85C0C7EC22C7C37700379A39 /* Sources */ = {
			isa = PBXSourcesBuildPhase;
			buildActionMask = 2147483647;
			files = (
				85C0C7F522C7C37700379A39 /* tabControllerUITests.swift in Sources */,
			);
			runOnlyForDeploymentPostprocessing = 0;
		};
/* End PBXSourcesBuildPhase section */

/* Begin PBXTargetDependency section */
		85C0C7E722C7C37700379A39 /* PBXTargetDependency */ = {
			isa = PBXTargetDependency;
			target = 85C0C7CE22C7C37600379A39 /* tabController */;
			targetProxy = 85C0C7E622C7C37700379A39 /* PBXContainerItemProxy */;
		};
		85C0C7F222C7C37700379A39 /* PBXTargetDependency */ = {
			isa = PBXTargetDependency;
			target = 85C0C7CE22C7C37600379A39 /* tabController */;
			targetProxy = 85C0C7F122C7C37700379A39 /* PBXContainerItemProxy */;
		};
/* End PBXTargetDependency section */

/* Begin PBXVariantGroup section */
		85C0C7D822C7C37600379A39 /* Main.storyboard */ = {
			isa = PBXVariantGroup;
			children = (
				85C0C7D922C7C37600379A39 /* Base */,
			);
			name = Main.storyboard;
			sourceTree = "<group>";
		};
		85C0C7DD22C7C37700379A39 /* LaunchScreen.storyboard */ = {
			isa = PBXVariantGroup;
			children = (
				85C0C7DE22C7C37700379A39 /* Base */,
			);
			name = LaunchScreen.storyboard;
			sourceTree = "<group>";
		};
/* End PBXVariantGroup section */

/* Begin XCBuildConfiguration section */
		85C0C7F722C7C37700379A39 /* Debug */ = {
			isa = XCBuildConfiguration;
			buildSettings = {
				ALWAYS_SEARCH_USER_PATHS = NO;
				CLANG_ANALYZER_NONNULL = YES;
				CLANG_ANALYZER_NUMBER_OBJECT_CONVERSION = YES_AGGRESSIVE;
				CLANG_CXX_LANGUAGE_STANDARD = "gnu++14";
				CLANG_CXX_LIBRARY = "libc++";
				CLANG_ENABLE_MODULES = YES;
				CLANG_ENABLE_OBJC_ARC = YES;
				CLANG_ENABLE_OBJC_WEAK = YES;
				CLANG_WARN_BLOCK_CAPTURE_AUTORELEASING = YES;
				CLANG_WARN_BOOL_CONVERSION = YES;
				CLANG_WARN_COMMA = YES;
				CLANG_WARN_CONSTANT_CONVERSION = YES;
				CLANG_WARN_DEPRECATED_OBJC_IMPLEMENTATIONS = YES;
				CLANG_WARN_DIRECT_OBJC_ISA_USAGE = YES_ERROR;
				CLANG_WARN_DOCUMENTATION_COMMENTS = YES;
				CLANG_WARN_EMPTY_BODY = YES;
				CLANG_WARN_ENUM_CONVERSION = YES;
				CLANG_WARN_INFINITE_RECURSION = YES;
				CLANG_WARN_INT_CONVERSION = YES;
				CLANG_WARN_NON_LITERAL_NULL_CONVERSION = YES;
				CLANG_WARN_OBJC_IMPLICIT_RETAIN_SELF = YES;
				CLANG_WARN_OBJC_LITERAL_CONVERSION = YES;
				CLANG_WARN_OBJC_ROOT_CLASS = YES_ERROR;
				CLANG_WARN_RANGE_LOOP_ANALYSIS = YES;
				CLANG_WARN_STRICT_PROTOTYPES = YES;
				CLANG_WARN_SUSPICIOUS_MOVE = YES;
				CLANG_WARN_UNGUARDED_AVAILABILITY = YES_AGGRESSIVE;
				CLANG_WARN_UNREACHABLE_CODE = YES;
				CLANG_WARN__DUPLICATE_METHOD_MATCH = YES;
				CODE_SIGN_IDENTITY = "iPhone Developer";
				COPY_PHASE_STRIP = NO;
				DEBUG_INFORMATION_FORMAT = dwarf;
				ENABLE_STRICT_OBJC_MSGSEND = YES;
				ENABLE_TESTABILITY = YES;
				GCC_C_LANGUAGE_STANDARD = gnu11;
				GCC_DYNAMIC_NO_PIC = NO;
				GCC_NO_COMMON_BLOCKS = YES;
				GCC_OPTIMIZATION_LEVEL = 0;
				GCC_PREPROCESSOR_DEFINITIONS = (
					"DEBUG=1",
					"$(inherited)",
				);
				GCC_WARN_64_TO_32_BIT_CONVERSION = YES;
				GCC_WARN_ABOUT_RETURN_TYPE = YES_ERROR;
				GCC_WARN_UNDECLARED_SELECTOR = YES;
				GCC_WARN_UNINITIALIZED_AUTOS = YES_AGGRESSIVE;
				GCC_WARN_UNUSED_FUNCTION = YES;
				GCC_WARN_UNUSED_VARIABLE = YES;
				IPHONEOS_DEPLOYMENT_TARGET = 12.2;
				MTL_ENABLE_DEBUG_INFO = INCLUDE_SOURCE;
				MTL_FAST_MATH = YES;
				ONLY_ACTIVE_ARCH = YES;
				SDKROOT = iphoneos;
				SWIFT_ACTIVE_COMPILATION_CONDITIONS = DEBUG;
				SWIFT_OPTIMIZATION_LEVEL = "-Onone";
			};
			name = Debug;
		};
		85C0C7F822C7C37700379A39 /* Release */ = {
			isa = XCBuildConfiguration;
			buildSettings = {
				ALWAYS_SEARCH_USER_PATHS = NO;
				CLANG_ANALYZER_NONNULL = YES;
				CLANG_ANALYZER_NUMBER_OBJECT_CONVERSION = YES_AGGRESSIVE;
				CLANG_CXX_LANGUAGE_STANDARD = "gnu++14";
				CLANG_CXX_LIBRARY = "libc++";
				CLANG_ENABLE_MODULES = YES;
				CLANG_ENABLE_OBJC_ARC = YES;
				CLANG_ENABLE_OBJC_WEAK = YES;
				CLANG_WARN_BLOCK_CAPTURE_AUTORELEASING = YES;
				CLANG_WARN_BOOL_CONVERSION = YES;
				CLANG_WARN_COMMA = YES;
				CLANG_WARN_CONSTANT_CONVERSION = YES;
				CLANG_WARN_DEPRECATED_OBJC_IMPLEMENTATIONS = YES;
				CLANG_WARN_DIRECT_OBJC_ISA_USAGE = YES_ERROR;
				CLANG_WARN_DOCUMENTATION_COMMENTS = YES;
				CLANG_WARN_EMPTY_BODY = YES;
				CLANG_WARN_ENUM_CONVERSION = YES;
				CLANG_WARN_INFINITE_RECURSION = YES;
				CLANG_WARN_INT_CONVERSION = YES;
				CLANG_WARN_NON_LITERAL_NULL_CONVERSION = YES;
				CLANG_WARN_OBJC_IMPLICIT_RETAIN_SELF = YES;
				CLANG_WARN_OBJC_LITERAL_CONVERSION = YES;
				CLANG_WARN_OBJC_ROOT_CLASS = YES_ERROR;
				CLANG_WARN_RANGE_LOOP_ANALYSIS = YES;
				CLANG_WARN_STRICT_PROTOTYPES = YES;
				CLANG_WARN_SUSPICIOUS_MOVE = YES;
				CLANG_WARN_UNGUARDED_AVAILABILITY = YES_AGGRESSIVE;
				CLANG_WARN_UNREACHABLE_CODE = YES;
				CLANG_WARN__DUPLICATE_METHOD_MATCH = YES;
				CODE_SIGN_IDENTITY = "iPhone Developer";
				COPY_PHASE_STRIP = NO;
				DEBUG_INFORMATION_FORMAT = "dwarf-with-dsym";
				ENABLE_NS_ASSERTIONS = NO;
				ENABLE_STRICT_OBJC_MSGSEND = YES;
				GCC_C_LANGUAGE_STANDARD = gnu11;
				GCC_NO_COMMON_BLOCKS = YES;
				GCC_WARN_64_TO_32_BIT_CONVERSION = YES;
				GCC_WARN_ABOUT_RETURN_TYPE = YES_ERROR;
				GCC_WARN_UNDECLARED_SELECTOR = YES;
				GCC_WARN_UNINITIALIZED_AUTOS = YES_AGGRESSIVE;
				GCC_WARN_UNUSED_FUNCTION = YES;
				GCC_WARN_UNUSED_VARIABLE = YES;
				IPHONEOS_DEPLOYMENT_TARGET = 12.2;
				MTL_ENABLE_DEBUG_INFO = NO;
				MTL_FAST_MATH = YES;
				SDKROOT = iphoneos;
				SWIFT_COMPILATION_MODE = wholemodule;
				SWIFT_OPTIMIZATION_LEVEL = "-O";
				VALIDATE_PRODUCT = YES;
			};
			name = Release;
		};
		85C0C7FA22C7C37700379A39 /* Debug */ = {
			isa = XCBuildConfiguration;
			buildSettings = {
				ASSETCATALOG_COMPILER_APPICON_NAME = AppIcon;
				CODE_SIGN_STYLE = Automatic;
				DEVELOPMENT_TEAM = 6GKM2ZQ24G;
				INFOPLIST_FILE = tabController/Info.plist;
				LD_RUNPATH_SEARCH_PATHS = (
					"$(inherited)",
					"@executable_path/Frameworks",
				);
				PRODUCT_BUNDLE_IDENTIFIER = com.rigpet.tabController;
				PRODUCT_NAME = "$(TARGET_NAME)";
				SWIFT_VERSION = 5.0;
				TARGETED_DEVICE_FAMILY = "1,2";
			};
			name = Debug;
		};
		85C0C7FB22C7C37700379A39 /* Release */ = {
			isa = XCBuildConfiguration;
			buildSettings = {
				ASSETCATALOG_COMPILER_APPICON_NAME = AppIcon;
				CODE_SIGN_STYLE = Automatic;
				DEVELOPMENT_TEAM = 6GKM2ZQ24G;
				INFOPLIST_FILE = tabController/Info.plist;
				LD_RUNPATH_SEARCH_PATHS = (
					"$(inherited)",
					"@executable_path/Frameworks",
				);
				PRODUCT_BUNDLE_IDENTIFIER = com.rigpet.tabController;
				PRODUCT_NAME = "$(TARGET_NAME)";
				SWIFT_VERSION = 5.0;
				TARGETED_DEVICE_FAMILY = "1,2";
			};
			name = Release;
		};
		85C0C7FD22C7C37700379A39 /* Debug */ = {
			isa = XCBuildConfiguration;
			buildSettings = {
				ALWAYS_EMBED_SWIFT_STANDARD_LIBRARIES = YES;
				BUNDLE_LOADER = "$(TEST_HOST)";
				CODE_SIGN_STYLE = Automatic;
				DEVELOPMENT_TEAM = 6GKM2ZQ24G;
				INFOPLIST_FILE = tabControllerTests/Info.plist;
				LD_RUNPATH_SEARCH_PATHS = (
					"$(inherited)",
					"@executable_path/Frameworks",
					"@loader_path/Frameworks",
				);
				PRODUCT_BUNDLE_IDENTIFIER = com.rigpet.tabControllerTests;
				PRODUCT_NAME = "$(TARGET_NAME)";
				SWIFT_VERSION = 5.0;
				TARGETED_DEVICE_FAMILY = "1,2";
				TEST_HOST = "$(BUILT_PRODUCTS_DIR)/tabController.app/tabController";
			};
			name = Debug;
		};
		85C0C7FE22C7C37700379A39 /* Release */ = {
			isa = XCBuildConfiguration;
			buildSettings = {
				ALWAYS_EMBED_SWIFT_STANDARD_LIBRARIES = YES;
				BUNDLE_LOADER = "$(TEST_HOST)";
				CODE_SIGN_STYLE = Automatic;
				DEVELOPMENT_TEAM = 6GKM2ZQ24G;
				INFOPLIST_FILE = tabControllerTests/Info.plist;
				LD_RUNPATH_SEARCH_PATHS = (
					"$(inherited)",
					"@executable_path/Frameworks",
					"@loader_path/Frameworks",
				);
				PRODUCT_BUNDLE_IDENTIFIER = com.rigpet.tabControllerTests;
				PRODUCT_NAME = "$(TARGET_NAME)";
				SWIFT_VERSION = 5.0;
				TARGETED_DEVICE_FAMILY = "1,2";
				TEST_HOST = "$(BUILT_PRODUCTS_DIR)/tabController.app/tabController";
			};
			name = Release;
		};
		85C0C80022C7C37700379A39 /* Debug */ = {
			isa = XCBuildConfiguration;
			buildSettings = {
				ALWAYS_EMBED_SWIFT_STANDARD_LIBRARIES = YES;
				CODE_SIGN_STYLE = Automatic;
				DEVELOPMENT_TEAM = 6GKM2ZQ24G;
				INFOPLIST_FILE = tabControllerUITests/Info.plist;
				LD_RUNPATH_SEARCH_PATHS = (
					"$(inherited)",
					"@executable_path/Frameworks",
					"@loader_path/Frameworks",
				);
				PRODUCT_BUNDLE_IDENTIFIER = com.rigpet.tabControllerUITests;
				PRODUCT_NAME = "$(TARGET_NAME)";
				SWIFT_VERSION = 5.0;
				TARGETED_DEVICE_FAMILY = "1,2";
				TEST_TARGET_NAME = tabController;
			};
			name = Debug;
		};
		85C0C80122C7C37700379A39 /* Release */ = {
			isa = XCBuildConfiguration;
			buildSettings = {
				ALWAYS_EMBED_SWIFT_STANDARD_LIBRARIES = YES;
				CODE_SIGN_STYLE = Automatic;
				DEVELOPMENT_TEAM = 6GKM2ZQ24G;
				INFOPLIST_FILE = tabControllerUITests/Info.plist;
				LD_RUNPATH_SEARCH_PATHS = (
					"$(inherited)",
					"@executable_path/Frameworks",
					"@loader_path/Frameworks",
				);
				PRODUCT_BUNDLE_IDENTIFIER = com.rigpet.tabControllerUITests;
				PRODUCT_NAME = "$(TARGET_NAME)";
				SWIFT_VERSION = 5.0;
				TARGETED_DEVICE_FAMILY = "1,2";
				TEST_TARGET_NAME = tabController;
			};
			name = Release;
		};
/* End XCBuildConfiguration section */

/* Begin XCConfigurationList section */
		85C0C7CA22C7C37600379A39 /* Build configuration list for PBXProject "tabController" */ = {
			isa = XCConfigurationList;
			buildConfigurations = (
				85C0C7F722C7C37700379A39 /* Debug */,
				85C0C7F822C7C37700379A39 /* Release */,
			);
			defaultConfigurationIsVisible = 0;
			defaultConfigurationName = Release;
		};
		85C0C7F922C7C37700379A39 /* Build configuration list for PBXNativeTarget "tabController" */ = {
			isa = XCConfigurationList;
			buildConfigurations = (
				85C0C7FA22C7C37700379A39 /* Debug */,
				85C0C7FB22C7C37700379A39 /* Release */,
			);
			defaultConfigurationIsVisible = 0;
			defaultConfigurationName = Release;
		};
		85C0C7FC22C7C37700379A39 /* Build configuration list for PBXNativeTarget "tabControllerTests" */ = {
			isa = XCConfigurationList;
			buildConfigurations = (
				85C0C7FD22C7C37700379A39 /* Debug */,
				85C0C7FE22C7C37700379A39 /* Release */,
			);
			defaultConfigurationIsVisible = 0;
			defaultConfigurationName = Release;
		};
		85C0C7FF22C7C37700379A39 /* Build configuration list for PBXNativeTarget "tabControllerUITests" */ = {
			isa = XCConfigurationList;
			buildConfigurations = (
				85C0C80022C7C37700379A39 /* Debug */,
				85C0C80122C7C37700379A39 /* Release */,
			);
			defaultConfigurationIsVisible = 0;
			defaultConfigurationName = Release;
		};
/* End XCConfigurationList section */
	};
	rootObject = 85C0C7C722C7C37600379A39 /* Project object */;
}
